// !$*UTF8*$!
{
	archiveVersion = 1;
	classes = {
	};
	objectVersion = 46;
	objects = {

/* Begin PBXBuildFile section */
		62140AAA1BDE831C00A973F0 /* main.m in Sources */ = {isa = PBXBuildFile; fileRef = 62140AA91BDE831C00A973F0 /* main.m */; };
		62140AAD1BDE831C00A973F0 /* AppDelegate.m in Sources */ = {isa = PBXBuildFile; fileRef = 62140AAC1BDE831C00A973F0 /* AppDelegate.m */; };
		62140AB01BDE831C00A973F0 /* ViewController.m in Sources */ = {isa = PBXBuildFile; fileRef = 62140AAF1BDE831C00A973F0 /* ViewController.m */; };
		62140AB31BDE831C00A973F0 /* Main.storyboard in Resources */ = {isa = PBXBuildFile; fileRef = 62140AB11BDE831C00A973F0 /* Main.storyboard */; };
		62140AB51BDE831C00A973F0 /* Assets.xcassets in Resources */ = {isa = PBXBuildFile; fileRef = 62140AB41BDE831C00A973F0 /* Assets.xcassets */; };
		62140AB81BDE831C00A973F0 /* LaunchScreen.storyboard in Resources */ = {isa = PBXBuildFile; fileRef = 62140AB61BDE831C00A973F0 /* LaunchScreen.storyboard */; };
		62140AC31BDE831C00A973F0 /* JYNavigationAndTabTests.m in Sources */ = {isa = PBXBuildFile; fileRef = 62140AC21BDE831C00A973F0 /* JYNavigationAndTabTests.m */; };
		62140ACE1BDE831C00A973F0 /* JYNavigationAndTabUITests.m in Sources */ = {isa = PBXBuildFile; fileRef = 62140ACD1BDE831C00A973F0 /* JYNavigationAndTabUITests.m */; };
/* End PBXBuildFile section */

/* Begin PBXContainerItemProxy section */
		62140ABF1BDE831C00A973F0 /* PBXContainerItemProxy */ = {
			isa = PBXContainerItemProxy;
			containerPortal = 62140A9D1BDE831C00A973F0 /* Project object */;
			proxyType = 1;
			remoteGlobalIDString = 62140AA41BDE831C00A973F0;
			remoteInfo = JYNavigationAndTab;
		};
		62140ACA1BDE831C00A973F0 /* PBXContainerItemProxy */ = {
			isa = PBXContainerItemProxy;
			containerPortal = 62140A9D1BDE831C00A973F0 /* Project object */;
			proxyType = 1;
			remoteGlobalIDString = 62140AA41BDE831C00A973F0;
			remoteInfo = JYNavigationAndTab;
		};
/* End PBXContainerItemProxy section */

/* Begin PBXFileReference section */
		62140AA51BDE831C00A973F0 /* JYNavigationAndTab.app */ = {isa = PBXFileReference; explicitFileType = wrapper.application; includeInIndex = 0; path = JYNavigationAndTab.app; sourceTree = BUILT_PRODUCTS_DIR; };
		62140AA91BDE831C00A973F0 /* main.m */ = {isa = PBXFileReference; lastKnownFileType = sourcecode.c.objc; path = main.m; sourceTree = "<group>"; };
		62140AAB1BDE831C00A973F0 /* AppDelegate.h */ = {isa = PBXFileReference; lastKnownFileType = sourcecode.c.h; path = AppDelegate.h; sourceTree = "<group>"; };
		62140AAC1BDE831C00A973F0 /* AppDelegate.m */ = {isa = PBXFileReference; lastKnownFileType = sourcecode.c.objc; path = AppDelegate.m; sourceTree = "<group>"; };
		62140AAE1BDE831C00A973F0 /* ViewController.h */ = {isa = PBXFileReference; lastKnownFileType = sourcecode.c.h; path = ViewController.h; sourceTree = "<group>"; };
		62140AAF1BDE831C00A973F0 /* ViewController.m */ = {isa = PBXFileReference; lastKnownFileType = sourcecode.c.objc; path = ViewController.m; sourceTree = "<group>"; };
		62140AB21BDE831C00A973F0 /* Base */ = {isa = PBXFileReference; lastKnownFileType = file.storyboard; name = Base; path = Base.lproj/Main.storyboard; sourceTree = "<group>"; };
		62140AB41BDE831C00A973F0 /* Assets.xcassets */ = {isa = PBXFileReference; lastKnownFileType = folder.assetcatalog; path = Assets.xcassets; sourceTree = "<group>"; };
		62140AB71BDE831C00A973F0 /* Base */ = {isa = PBXFileReference; lastKnownFileType = file.storyboard; name = Base; path = Base.lproj/LaunchScreen.storyboard; sourceTree = "<group>"; };
		62140AB91BDE831C00A973F0 /* Info.plist */ = {isa = PBXFileReference; lastKnownFileType = text.plist.xml; path = Info.plist; sourceTree = "<group>"; };
		62140ABE1BDE831C00A973F0 /* JYNavigationAndTabTests.xctest */ = {isa = PBXFileReference; explicitFileType = wrapper.cfbundle; includeInIndex = 0; path = JYNavigationAndTabTests.xctest; sourceTree = BUILT_PRODUCTS_DIR; };
		62140AC21BDE831C00A973F0 /* JYNavigationAndTabTests.m */ = {isa = PBXFileReference; lastKnownFileType = sourcecode.c.objc; path = JYNavigationAndTabTests.m; sourceTree = "<group>"; };
		62140AC41BDE831C00A973F0 /* Info.plist */ = {isa = PBXFileReference; lastKnownFileType = text.plist.xml; path = Info.plist; sourceTree = "<group>"; };
		62140AC91BDE831C00A973F0 /* JYNavigationAndTabUITests.xctest */ = {isa = PBXFileReference; explicitFileType = wrapper.cfbundle; includeInIndex = 0; path = JYNavigationAndTabUITests.xctest; sourceTree = BUILT_PRODUCTS_DIR; };
		62140ACD1BDE831C00A973F0 /* JYNavigationAndTabUITests.m */ = {isa = PBXFileReference; lastKnownFileType = sourcecode.c.objc; path = JYNavigationAndTabUITests.m; sourceTree = "<group>"; };
		62140ACF1BDE831C00A973F0 /* Info.plist */ = {isa = PBXFileReference; lastKnownFileType = text.plist.xml; path = Info.plist; sourceTree = "<group>"; };
/* End PBXFileReference section */

/* Begin PBXFrameworksBuildPhase section */
		62140AA21BDE831C00A973F0 /* Frameworks */ = {
			isa = PBXFrameworksBuildPhase;
			buildActionMask = 2147483647;
			files = (
			);
			runOnlyForDeploymentPostprocessing = 0;
		};
		62140ABB1BDE831C00A973F0 /* Frameworks */ = {
			isa = PBXFrameworksBuildPhase;
			buildActionMask = 2147483647;
			files = (
			);
			runOnlyForDeploymentPostprocessing = 0;
		};
		62140AC61BDE831C00A973F0 /* Frameworks */ = {
			isa = PBXFrameworksBuildPhase;
			buildActionMask = 2147483647;
			files = (
			);
			runOnlyForDeploymentPostprocessing = 0;
		};
/* End PBXFrameworksBuildPhase section */

/* Begin PBXGroup section */
		62140A9C1BDE831C00A973F0 = {
			isa = PBXGroup;
			children = (
				62140AA71BDE831C00A973F0 /* JYNavigationAndTab */,
				62140AC11BDE831C00A973F0 /* JYNavigationAndTabTests */,
				62140ACC1BDE831C00A973F0 /* JYNavigationAndTabUITests */,
				62140AA61BDE831C00A973F0 /* Products */,
			);
			sourceTree = "<group>";
		};
		62140AA61BDE831C00A973F0 /* Products */ = {
			isa = PBXGroup;
			children = (
				62140AA51BDE831C00A973F0 /* JYNavigationAndTab.app */,
				62140ABE1BDE831C00A973F0 /* JYNavigationAndTabTests.xctest */,
				62140AC91BDE831C00A973F0 /* JYNavigationAndTabUITests.xctest */,
			);
			name = Products;
			sourceTree = "<group>";
		};
		62140AA71BDE831C00A973F0 /* JYNavigationAndTab */ = {
			isa = PBXGroup;
			children = (
				62140AAB1BDE831C00A973F0 /* AppDelegate.h */,
				62140AAC1BDE831C00A973F0 /* AppDelegate.m */,
				62140AAE1BDE831C00A973F0 /* ViewController.h */,
				62140AAF1BDE831C00A973F0 /* ViewController.m */,
				62140AB11BDE831C00A973F0 /* Main.storyboard */,
				62140AB41BDE831C00A973F0 /* Assets.xcassets */,
				62140AB61BDE831C00A973F0 /* LaunchScreen.storyboard */,
				62140AB91BDE831C00A973F0 /* Info.plist */,
				62140AA81BDE831C00A973F0 /* Supporting Files */,
			);
			path = JYNavigationAndTab;
			sourceTree = "<group>";
		};
		62140AA81BDE831C00A973F0 /* Supporting Files */ = {
			isa = PBXGroup;
			children = (
				62140AA91BDE831C00A973F0 /* main.m */,
			);
			name = "Supporting Files";
			sourceTree = "<group>";
		};
		62140AC11BDE831C00A973F0 /* JYNavigationAndTabTests */ = {
			isa = PBXGroup;
			children = (
				62140AC21BDE831C00A973F0 /* JYNavigationAndTabTests.m */,
				62140AC41BDE831C00A973F0 /* Info.plist */,
			);
			path = JYNavigationAndTabTests;
			sourceTree = "<group>";
		};
		62140ACC1BDE831C00A973F0 /* JYNavigationAndTabUITests */ = {
			isa = PBXGroup;
			children = (
				62140ACD1BDE831C00A973F0 /* JYNavigationAndTabUITests.m */,
				62140ACF1BDE831C00A973F0 /* Info.plist */,
			);
			path = JYNavigationAndTabUITests;
			sourceTree = "<group>";
		};
/* End PBXGroup section */

/* Begin PBXNativeTarget section */
		62140AA41BDE831C00A973F0 /* JYNavigationAndTab */ = {
			isa = PBXNativeTarget;
			buildConfigurationList = 62140AD21BDE831C00A973F0 /* Build configuration list for PBXNativeTarget "JYNavigationAndTab" */;
			buildPhases = (
				62140AA11BDE831C00A973F0 /* Sources */,
				62140AA21BDE831C00A973F0 /* Frameworks */,
				62140AA31BDE831C00A973F0 /* Resources */,
			);
			buildRules = (
			);
			dependencies = (
			);
			name = JYNavigationAndTab;
			productName = JYNavigationAndTab;
			productReference = 62140AA51BDE831C00A973F0 /* JYNavigationAndTab.app */;
			productType = "com.apple.product-type.application";
		};
		62140ABD1BDE831C00A973F0 /* JYNavigationAndTabTests */ = {
			isa = PBXNativeTarget;
			buildConfigurationList = 62140AD51BDE831C00A973F0 /* Build configuration list for PBXNativeTarget "JYNavigationAndTabTests" */;
			buildPhases = (
				62140ABA1BDE831C00A973F0 /* Sources */,
				62140ABB1BDE831C00A973F0 /* Frameworks */,
				62140ABC1BDE831C00A973F0 /* Resources */,
			);
			buildRules = (
			);
			dependencies = (
				62140AC01BDE831C00A973F0 /* PBXTargetDependency */,
			);
			name = JYNavigationAndTabTests;
			productName = JYNavigationAndTabTests;
			productReference = 62140ABE1BDE831C00A973F0 /* JYNavigationAndTabTests.xctest */;
			productType = "com.apple.product-type.bundle.unit-test";
		};
		62140AC81BDE831C00A973F0 /* JYNavigationAndTabUITests */ = {
			isa = PBXNativeTarget;
			buildConfigurationList = 62140AD81BDE831C00A973F0 /* Build configuration list for PBXNativeTarget "JYNavigationAndTabUITests" */;
			buildPhases = (
				62140AC51BDE831C00A973F0 /* Sources */,
				62140AC61BDE831C00A973F0 /* Frameworks */,
				62140AC71BDE831C00A973F0 /* Resources */,
			);
			buildRules = (
			);
			dependencies = (
				62140ACB1BDE831C00A973F0 /* PBXTargetDependency */,
			);
			name = JYNavigationAndTabUITests;
			productName = JYNavigationAndTabUITests;
			productReference = 62140AC91BDE831C00A973F0 /* JYNavigationAndTabUITests.xctest */;
			productType = "com.apple.product-type.bundle.ui-testing";
		};
/* End PBXNativeTarget section */

/* Begin PBXProject section */
		62140A9D1BDE831C00A973F0 /* Project object */ = {
			isa = PBXProject;
			attributes = {
				LastUpgradeCheck = 0700;
				ORGANIZATIONNAME = Joyann;
				TargetAttributes = {
					62140AA41BDE831C00A973F0 = {
						CreatedOnToolsVersion = 7.0.1;
					};
					62140ABD1BDE831C00A973F0 = {
						CreatedOnToolsVersion = 7.0.1;
						TestTargetID = 62140AA41BDE831C00A973F0;
					};
					62140AC81BDE831C00A973F0 = {
						CreatedOnToolsVersion = 7.0.1;
						TestTargetID = 62140AA41BDE831C00A973F0;
					};
				};
			};
			buildConfigurationList = 62140AA01BDE831C00A973F0 /* Build configuration list for PBXProject "JYNavigationAndTab" */;
			compatibilityVersion = "Xcode 3.2";
			developmentRegion = English;
			hasScannedForEncodings = 0;
			knownRegions = (
				en,
				Base,
			);
			mainGroup = 62140A9C1BDE831C00A973F0;
			productRefGroup = 62140AA61BDE831C00A973F0 /* Products */;
			projectDirPath = "";
			projectRoot = "";
			targets = (
				62140AA41BDE831C00A973F0 /* JYNavigationAndTab */,
				62140ABD1BDE831C00A973F0 /* JYNavigationAndTabTests */,
				62140AC81BDE831C00A973F0 /* JYNavigationAndTabUITests */,
			);
		};
/* End PBXProject section */

/* Begin PBXResourcesBuildPhase section */
		62140AA31BDE831C00A973F0 /* Resources */ = {
			isa = PBXResourcesBuildPhase;
			buildActionMask = 2147483647;
			files = (
				62140AB81BDE831C00A973F0 /* LaunchScreen.storyboard in Resources */,
				62140AB51BDE831C00A973F0 /* Assets.xcassets in Resources */,
				62140AB31BDE831C00A973F0 /* Main.storyboard in Resources */,
			);
			runOnlyForDeploymentPostprocessing = 0;
		};
		62140ABC1BDE831C00A973F0 /* Resources */ = {
			isa = PBXResourcesBuildPhase;
			buildActionMask = 2147483647;
			files = (
			);
			runOnlyForDeploymentPostprocessing = 0;
		};
		62140AC71BDE831C00A973F0 /* Resources */ = {
			isa = PBXResourcesBuildPhase;
			buildActionMask = 2147483647;
			files = (
			);
			runOnlyForDeploymentPostprocessing = 0;
		};
/* End PBXResourcesBuildPhase section */

/* Begin PBXSourcesBuildPhase section */
		62140AA11BDE831C00A973F0 /* Sources */ = {
			isa = PBXSourcesBuildPhase;
			buildActionMask = 2147483647;
			files = (
				62140AB01BDE831C00A973F0 /* ViewController.m in Sources */,
				62140AAD1BDE831C00A973F0 /* AppDelegate.m in Sources */,
				62140AAA1BDE831C00A973F0 /* main.m in Sources */,
			);
			runOnlyForDeploymentPostprocessing = 0;
		};
		62140ABA1BDE831C00A973F0 /* Sources */ = {
			isa = PBXSourcesBuildPhase;
			buildActionMask = 2147483647;
			files = (
				62140AC31BDE831C00A973F0 /* JYNavigationAndTabTests.m in Sources */,
			);
			runOnlyForDeploymentPostprocessing = 0;
		};
		62140AC51BDE831C00A973F0 /* Sources */ = {
			isa = PBXSourcesBuildPhase;
			buildActionMask = 2147483647;
			files = (
				62140ACE1BDE831C00A973F0 /* JYNavigationAndTabUITests.m in Sources */,
			);
			runOnlyForDeploymentPostprocessing = 0;
		};
/* End PBXSourcesBuildPhase section */

/* Begin PBXTargetDependency section */
		62140AC01BDE831C00A973F0 /* PBXTargetDependency */ = {
			isa = PBXTargetDependency;
			target = 62140AA41BDE831C00A973F0 /* JYNavigationAndTab */;
			targetProxy = 62140ABF1BDE831C00A973F0 /* PBXContainerItemProxy */;
		};
		62140ACB1BDE831C00A973F0 /* PBXTargetDependency */ = {
			isa = PBXTargetDependency;
			target = 62140AA41BDE831C00A973F0 /* JYNavigationAndTab */;
			targetProxy = 62140ACA1BDE831C00A973F0 /* PBXContainerItemProxy */;
		};
/* End PBXTargetDependency section */

/* Begin PBXVariantGroup section */
		62140AB11BDE831C00A973F0 /* Main.storyboard */ = {
			isa = PBXVariantGroup;
			children = (
				62140AB21BDE831C00A973F0 /* Base */,
			);
			name = Main.storyboard;
			sourceTree = "<group>";
		};
		62140AB61BDE831C00A973F0 /* LaunchScreen.storyboard */ = {
			isa = PBXVariantGroup;
			children = (
				62140AB71BDE831C00A973F0 /* Base */,
			);
			name = LaunchScreen.storyboard;
			sourceTree = "<group>";
		};
/* End PBXVariantGroup section */

/* Begin XCBuildConfiguration section */
		62140AD01BDE831C00A973F0 /* Debug */ = {
			isa = XCBuildConfiguration;
			buildSettings = {
				ALWAYS_SEARCH_USER_PATHS = NO;
				CLANG_CXX_LANGUAGE_STANDARD = "gnu++0x";
				CLANG_CXX_LIBRARY = "libc++";
				CLANG_ENABLE_MODULES = YES;
				CLANG_ENABLE_OBJC_ARC = YES;
				CLANG_WARN_BOOL_CONVERSION = YES;
				CLANG_WARN_CONSTANT_CONVERSION = YES;
				CLANG_WARN_DIRECT_OBJC_ISA_USAGE = YES_ERROR;
				CLANG_WARN_EMPTY_BODY = YES;
				CLANG_WARN_ENUM_CONVERSION = YES;
				CLANG_WARN_INT_CONVERSION = YES;
				CLANG_WARN_OBJC_ROOT_CLASS = YES_ERROR;
				CLANG_WARN_UNREACHABLE_CODE = YES;
				CLANG_WARN__DUPLICATE_METHOD_MATCH = YES;
				"CODE_SIGN_IDENTITY[sdk=iphoneos*]" = "iPhone Developer";
				COPY_PHASE_STRIP = NO;
				DEBUG_INFORMATION_FORMAT = dwarf;
				ENABLE_STRICT_OBJC_MSGSEND = YES;
				ENABLE_TESTABILITY = YES;
				GCC_C_LANGUAGE_STANDARD = gnu99;
				GCC_DYNAMIC_NO_PIC = NO;
				GCC_NO_COMMON_BLOCKS = YES;
				GCC_OPTIMIZATION_LEVEL = 0;
				GCC_PREPROCESSOR_DEFINITIONS = (
					"DEBUG=1",
					"$(inherited)",
				);
				GCC_WARN_64_TO_32_BIT_CONVERSION = YES;
				GCC_WARN_ABOUT_RETURN_TYPE = YES_ERROR;
				GCC_WARN_UNDECLARED_SELECTOR = YES;
				GCC_WARN_UNINITIALIZED_AUTOS = YES_AGGRESSIVE;
				GCC_WARN_UNUSED_FUNCTION = YES;
				GCC_WARN_UNUSED_VARIABLE = YES;
				IPHONEOS_DEPLOYMENT_TARGET = 9.0;
				MTL_ENABLE_DEBUG_INFO = YES;
				ONLY_ACTIVE_ARCH = YES;
				SDKROOT = iphoneos;
				TARGETED_DEVICE_FAMILY = "1,2";
			};
			name = Debug;
		};
		62140AD11BDE831C00A973F0 /* Release */ = {
			isa = XCBuildConfiguration;
			buildSettings = {
				ALWAYS_SEARCH_USER_PATHS = NO;
				CLANG_CXX_LANGUAGE_STANDARD = "gnu++0x";
				CLANG_CXX_LIBRARY = "libc++";
				CLANG_ENABLE_MODULES = YES;
				CLANG_ENABLE_OBJC_ARC = YES;
				CLANG_WARN_BOOL_CONVERSION = YES;
				CLANG_WARN_CONSTANT_CONVERSION = YES;
				CLANG_WARN_DIRECT_OBJC_ISA_USAGE = YES_ERROR;
				CLANG_WARN_EMPTY_BODY = YES;
				CLANG_WARN_ENUM_CONVERSION = YES;
				CLANG_WARN_INT_CONVERSION = YES;
				CLANG_WARN_OBJC_ROOT_CLASS = YES_ERROR;
				CLANG_WARN_UNREACHABLE_CODE = YES;
				CLANG_WARN__DUPLICATE_METHOD_MATCH = YES;
				"CODE_SIGN_IDENTITY[sdk=iphoneos*]" = "iPhone Developer";
				COPY_PHASE_STRIP = NO;
				DEBUG_INFORMATION_FORMAT = "dwarf-with-dsym";
				ENABLE_NS_ASSERTIONS = NO;
				ENABLE_STRICT_OBJC_MSGSEND = YES;
				GCC_C_LANGUAGE_STANDARD = gnu99;
				GCC_NO_COMMON_BLOCKS = YES;
				GCC_WARN_64_TO_32_BIT_CONVERSION = YES;
				GCC_WARN_ABOUT_RETURN_TYPE = YES_ERROR;
				GCC_WARN_UNDECLARED_SELECTOR = YES;
				GCC_WARN_UNINITIALIZED_AUTOS = YES_AGGRESSIVE;
				GCC_WARN_UNUSED_FUNCTION = YES;
				GCC_WARN_UNUSED_VARIABLE = YES;
				IPHONEOS_DEPLOYMENT_TARGET = 9.0;
				MTL_ENABLE_DEBUG_INFO = NO;
				SDKROOT = iphoneos;
				TARGETED_DEVICE_FAMILY = "1,2";
				VALIDATE_PRODUCT = YES;
			};
			name = Release;
		};
		62140AD31BDE831C00A973F0 /* Debug */ = {
			isa = XCBuildConfiguration;
			buildSettings = {
				ASSETCATALOG_COMPILER_APPICON_NAME = AppIcon;
				INFOPLIST_FILE = JYNavigationAndTab/Info.plist;
				LD_RUNPATH_SEARCH_PATHS = "$(inherited) @executable_path/Frameworks";
				PRODUCT_BUNDLE_IDENTIFIER = com.joyann.JYNavigationAndTab;
				PRODUCT_NAME = "$(TARGET_NAME)";
			};
			name = Debug;
		};
		62140AD41BDE831C00A973F0 /* Release */ = {
			isa = XCBuildConfiguration;
			buildSettings = {
				ASSETCATALOG_COMPILER_APPICON_NAME = AppIcon;
				INFOPLIST_FILE = JYNavigationAndTab/Info.plist;
				LD_RUNPATH_SEARCH_PATHS = "$(inherited) @executable_path/Frameworks";
				PRODUCT_BUNDLE_IDENTIFIER = com.joyann.JYNavigationAndTab;
				PRODUCT_NAME = "$(TARGET_NAME)";
			};
			name = Release;
		};
		62140AD61BDE831C00A973F0 /* Debug */ = {
			isa = XCBuildConfiguration;
			buildSettings = {
				BUNDLE_LOADER = "$(TEST_HOST)";
				INFOPLIST_FILE = JYNavigationAndTabTests/Info.plist;
				LD_RUNPATH_SEARCH_PATHS = "$(inherited) @executable_path/Frameworks @loader_path/Frameworks";
				PRODUCT_BUNDLE_IDENTIFIER = com.joyann.JYNavigationAndTabTests;
				PRODUCT_NAME = "$(TARGET_NAME)";
				TEST_HOST = "$(BUILT_PRODUCTS_DIR)/JYNavigationAndTab.app/JYNavigationAndTab";
			};
			name = Debug;
		};
		62140AD71BDE831C00A973F0 /* Release */ = {
			isa = XCBuildConfiguration;
			buildSettings = {
				BUNDLE_LOADER = "$(TEST_HOST)";
				INFOPLIST_FILE = JYNavigationAndTabTests/Info.plist;
				LD_RUNPATH_SEARCH_PATHS = "$(inherited) @executable_path/Frameworks @loader_path/Frameworks";
				PRODUCT_BUNDLE_IDENTIFIER = com.joyann.JYNavigationAndTabTests;
				PRODUCT_NAME = "$(TARGET_NAME)";
				TEST_HOST = "$(BUILT_PRODUCTS_DIR)/JYNavigationAndTab.app/JYNavigationAndTab";
			};
			name = Release;
		};
		62140AD91BDE831C00A973F0 /* Debug */ = {
			isa = XCBuildConfiguration;
			buildSettings = {
				INFOPLIST_FILE = JYNavigationAndTabUITests/Info.plist;
				LD_RUNPATH_SEARCH_PATHS = "$(inherited) @executable_path/Frameworks @loader_path/Frameworks";
				PRODUCT_BUNDLE_IDENTIFIER = com.joyann.JYNavigationAndTabUITests;
				PRODUCT_NAME = "$(TARGET_NAME)";
				TEST_TARGET_NAME = JYNavigationAndTab;
				USES_XCTRUNNER = YES;
			};
			name = Debug;
		};
		62140ADA1BDE831C00A973F0 /* Release */ = {
			isa = XCBuildConfiguration;
			buildSettings = {
				INFOPLIST_FILE = JYNavigationAndTabUITests/Info.plist;
				LD_RUNPATH_SEARCH_PATHS = "$(inherited) @executable_path/Frameworks @loader_path/Frameworks";
				PRODUCT_BUNDLE_IDENTIFIER = com.joyann.JYNavigationAndTabUITests;
				PRODUCT_NAME = "$(TARGET_NAME)";
				TEST_TARGET_NAME = JYNavigationAndTab;
				USES_XCTRUNNER = YES;
			};
			name = Release;
		};
/* End XCBuildConfiguration section */

/* Begin XCConfigurationList section */
		62140AA01BDE831C00A973F0 /* Build configuration list for PBXProject "JYNavigationAndTab" */ = {
			isa = XCConfigurationList;
			buildConfigurations = (
				62140AD01BDE831C00A973F0 /* Debug */,
				62140AD11BDE831C00A973F0 /* Release */,
			);
			defaultConfigurationIsVisible = 0;
			defaultConfigurationName = Release;
		};
		62140AD21BDE831C00A973F0 /* Build configuration list for PBXNativeTarget "JYNavigationAndTab" */ = {
			isa = XCConfigurationList;
			buildConfigurations = (
				62140AD31BDE831C00A973F0 /* Debug */,
				62140AD41BDE831C00A973F0 /* Release */,
			);
			defaultConfigurationIsVisible = 0;
		};
		62140AD51BDE831C00A973F0 /* Build configuration list for PBXNativeTarget "JYNavigationAndTabTests" */ = {
			isa = XCConfigurationList;
			buildConfigurations = (
				62140AD61BDE831C00A973F0 /* Debug */,
				62140AD71BDE831C00A973F0 /* Release */,
			);
			defaultConfigurationIsVisible = 0;
		};
		62140AD81BDE831C00A973F0 /* Build configuration list for PBXNativeTarget "JYNavigationAndTabUITests" */ = {
			isa = XCConfigurationList;
			buildConfigurations = (
				62140AD91BDE831C00A973F0 /* Debug */,
				62140ADA1BDE831C00A973F0 /* Release */,
			);
			defaultConfigurationIsVisible = 0;
		};
/* End XCConfigurationList section */
	};
	rootObject = 62140A9D1BDE831C00A973F0 /* Project object */;
}
